
Microsoft Visual Studio Solution File, Format Version 12.00
# Visual Studio Version 17
VisualStudioVersion = 17.0.31903.59
MinimumVisualStudioVersion = 10.0.40219.1
Project("{2150E333-8FDC-42A3-9474-1A3956D46DE8}") = "src", "src", "{6ED356A7-8B47-4613-AD01-C85CF28491BD}"
EndProject
Project("{2150E333-8FDC-42A3-9474-1A3956D46DE8}") = "tests", "tests", "{664D406C-2F83-48F0-BFC3-408D5CB53C65}"
EndProject
Project("{00D1A9C2-B5F0-4AF3-8072-F6C62B433612}") = "TeamReport.Database", "src\TeamReport.Database\TeamReport.Database.sqlproj", "{2D13B346-2B2D-4302-BB54-74BB96035A62}"
EndProject
Project("{9A19103F-16F7-4668-BE54-9A1E7A4F7556}") = "TeamReport.Data", "src\TeamReport.Data\TeamReport.Data.csproj", "{D9649A3B-8107-4219-B8D5-F3FB72470724}"
EndProject
Project("{9A19103F-16F7-4668-BE54-9A1E7A4F7556}") = "TeamReport.Domain", "src\TeamReport.Domain\TeamReport.Domain.csproj", "{73F25C2F-BEAA-42AF-8527-DD6A0CF09C3E}"
EndProject
Project("{9A19103F-16F7-4668-BE54-9A1E7A4F7556}") = "TeamReport.WebAPI", "src\TeamReport.WebAPI\TeamReport.WebAPI.csproj", "{442BDECD-B7F1-4288-85E5-C950F88BB59D}"
EndProject
Global
	GlobalSection(SolutionConfigurationPlatforms) = preSolution
		Debug|Any CPU = Debug|Any CPU
		Release|Any CPU = Release|Any CPU
	EndGlobalSection
	GlobalSection(ProjectConfigurationPlatforms) = postSolution
		{2D13B346-2B2D-4302-BB54-74BB96035A62}.Debug|Any CPU.ActiveCfg = Debug|Any CPU
		{2D13B346-2B2D-4302-BB54-74BB96035A62}.Debug|Any CPU.Build.0 = Debug|Any CPU
		{2D13B346-2B2D-4302-BB54-74BB96035A62}.Debug|Any CPU.Deploy.0 = Debug|Any CPU
		{2D13B346-2B2D-4302-BB54-74BB96035A62}.Release|Any CPU.ActiveCfg = Release|Any CPU
		{2D13B346-2B2D-4302-BB54-74BB96035A62}.Release|Any CPU.Build.0 = Release|Any CPU
		{2D13B346-2B2D-4302-BB54-74BB96035A62}.Release|Any CPU.Deploy.0 = Release|Any CPU
		{D9649A3B-8107-4219-B8D5-F3FB72470724}.Debug|Any CPU.ActiveCfg = Debug|Any CPU
		{D9649A3B-8107-4219-B8D5-F3FB72470724}.Debug|Any CPU.Build.0 = Debug|Any CPU
		{D9649A3B-8107-4219-B8D5-F3FB72470724}.Release|Any CPU.ActiveCfg = Release|Any CPU
		{D9649A3B-8107-4219-B8D5-F3FB72470724}.Release|Any CPU.Build.0 = Release|Any CPU
		{73F25C2F-BEAA-42AF-8527-DD6A0CF09C3E}.Debug|Any CPU.ActiveCfg = Debug|Any CPU
		{73F25C2F-BEAA-42AF-8527-DD6A0CF09C3E}.Debug|Any CPU.Build.0 = Debug|Any CPU
		{73F25C2F-BEAA-42AF-8527-DD6A0CF09C3E}.Release|Any CPU.ActiveCfg = Release|Any CPU
		{73F25C2F-BEAA-42AF-8527-DD6A0CF09C3E}.Release|Any CPU.Build.0 = Release|Any CPU
		{442BDECD-B7F1-4288-85E5-C950F88BB59D}.Debug|Any CPU.ActiveCfg = Debug|Any CPU
		{442BDECD-B7F1-4288-85E5-C950F88BB59D}.Debug|Any CPU.Build.0 = Debug|Any CPU
		{442BDECD-B7F1-4288-85E5-C950F88BB59D}.Release|Any CPU.ActiveCfg = Release|Any CPU
		{442BDECD-B7F1-4288-85E5-C950F88BB59D}.Release|Any CPU.Build.0 = Release|Any CPU
	EndGlobalSection
	GlobalSection(SolutionProperties) = preSolution
		HideSolutionNode = FALSE
	EndGlobalSection
	GlobalSection(NestedProjects) = preSolution
		{2D13B346-2B2D-4302-BB54-74BB96035A62} = {6ED356A7-8B47-4613-AD01-C85CF28491BD}
		{D9649A3B-8107-4219-B8D5-F3FB72470724} = {6ED356A7-8B47-4613-AD01-C85CF28491BD}
		{73F25C2F-BEAA-42AF-8527-DD6A0CF09C3E} = {6ED356A7-8B47-4613-AD01-C85CF28491BD}
		{442BDECD-B7F1-4288-85E5-C950F88BB59D} = {6ED356A7-8B47-4613-AD01-C85CF28491BD}
	EndGlobalSection
	GlobalSection(ExtensibilityGlobals) = postSolution
		SolutionGuid = {3CB609D9-5D54-4C11-A371-DAAC8B74E430}
	EndGlobalSection
EndGlobal
